
Microsoft Visual Studio Solution File, Format Version 12.00
# Visual Studio 15
VisualStudioVersion = 15.0.28010.2036
MinimumVisualStudioVersion = 10.0.40219.1
Project("{FAE04EC0-301F-11D3-BF4B-00C04F79EFBC}") = "AUDS2", "AUDS2\AUDS2.csproj", "{9A956D45-AA50-4EF3-A0E1-D87342773E47}"
EndProject
Global
	GlobalSection(SolutionConfigurationPlatforms) = preSolution
		Debug|Any CPU = Debug|Any CPU
		Release|Any CPU = Release|Any CPU
	EndGlobalSection
	GlobalSection(ProjectConfigurationPlatforms) = postSolution
		{9A956D45-AA50-4EF3-A0E1-D87342773E47}.Debug|Any CPU.ActiveCfg = Debug|Any CPU
		{9A956D45-AA50-4EF3-A0E1-D87342773E47}.Debug|Any CPU.Build.0 = Debug|Any CPU
		{9A956D45-AA50-4EF3-A0E1-D87342773E47}.Release|Any CPU.ActiveCfg = Release|Any CPU
		{9A956D45-AA50-4EF3-A0E1-D87342773E47}.Release|Any CPU.Build.0 = Release|Any CPU
	EndGlobalSection
	GlobalSection(SolutionProperties) = preSolution
		HideSolutionNode = FALSE
	EndGlobalSection
	GlobalSection(ExtensibilityGlobals) = postSolution
		SolutionGuid = {D20E2FF2-C18F-4519-B848-B58A34636160}
	EndGlobalSection
EndGlobal
